
Microsoft Visual Studio Solution File, Format Version 12.00
# Visual Studio Version 17
VisualStudioVersion = 17.3.32922.545
MinimumVisualStudioVersion = 10.0.40219.1
Project("{FAE04EC0-301F-11D3-BF4B-00C04F79EFBC}") = "задачи", "задачи\задачи.csproj", "{2F259BB4-98DD-4EC0-9B52-2F226042D633}"
EndProject
Global
	GlobalSection(SolutionConfigurationPlatforms) = preSolution
		Debug|Any CPU = Debug|Any CPU
		Release|Any CPU = Release|Any CPU
	EndGlobalSection
	GlobalSection(ProjectConfigurationPlatforms) = postSolution
		{2F259BB4-98DD-4EC0-9B52-2F226042D633}.Debug|Any CPU.ActiveCfg = Debug|Any CPU
		{2F259BB4-98DD-4EC0-9B52-2F226042D633}.Debug|Any CPU.Build.0 = Debug|Any CPU
		{2F259BB4-98DD-4EC0-9B52-2F226042D633}.Release|Any CPU.ActiveCfg = Release|Any CPU
		{2F259BB4-98DD-4EC0-9B52-2F226042D633}.Release|Any CPU.Build.0 = Release|Any CPU
	EndGlobalSection
	GlobalSection(SolutionProperties) = preSolution
		HideSolutionNode = FALSE
	EndGlobalSection
	GlobalSection(ExtensibilityGlobals) = postSolution
		SolutionGuid = {5203316D-0EE9-414E-BAF5-98F04E2E6FF1}
	EndGlobalSection
EndGlobal
